// !$*UTF8*$!
{
	archiveVersion = 1;
	classes = {
	};
	objectVersion = 46;
	objects = {

/* Begin PBXBuildFile section */
		7FD10F361DDA716D00DA02E0 /* AppDelegate.swift in Sources */ = {isa = PBXBuildFile; fileRef = 7FD10F351DDA716D00DA02E0 /* AppDelegate.swift */; };
		7FD10F381DDA716D00DA02E0 /* EhVC.swift in Sources */ = {isa = PBXBuildFile; fileRef = 7FD10F371DDA716D00DA02E0 /* EhVC.swift */; };
		7FD10F3A1DDA716D00DA02E0 /* BeeVC.swift in Sources */ = {isa = PBXBuildFile; fileRef = 7FD10F391DDA716D00DA02E0 /* BeeVC.swift */; };
		7FD10F3D1DDA716D00DA02E0 /* Main.storyboard in Resources */ = {isa = PBXBuildFile; fileRef = 7FD10F3B1DDA716D00DA02E0 /* Main.storyboard */; };
		7FD10F3F1DDA716D00DA02E0 /* Assets.xcassets in Resources */ = {isa = PBXBuildFile; fileRef = 7FD10F3E1DDA716D00DA02E0 /* Assets.xcassets */; };
		7FD10F421DDA716D00DA02E0 /* LaunchScreen.storyboard in Resources */ = {isa = PBXBuildFile; fileRef = 7FD10F401DDA716D00DA02E0 /* LaunchScreen.storyboard */; };
		7FD10F4A1DDA74C500DA02E0 /* SeaVC.swift in Sources */ = {isa = PBXBuildFile; fileRef = 7FD10F491DDA74C500DA02E0 /* SeaVC.swift */; };
/* End PBXBuildFile section */

/* Begin PBXFileReference section */
		7FD10F321DDA716D00DA02E0 /* GIT-ICE-GSK-4PM.app */ = {isa = PBXFileReference; explicitFileType = wrapper.application; includeInIndex = 0; path = "GIT-ICE-GSK-4PM.app"; sourceTree = BUILT_PRODUCTS_DIR; };
		7FD10F351DDA716D00DA02E0 /* AppDelegate.swift */ = {isa = PBXFileReference; lastKnownFileType = sourcecode.swift; path = AppDelegate.swift; sourceTree = "<group>"; };
		7FD10F371DDA716D00DA02E0 /* EhVC.swift */ = {isa = PBXFileReference; lastKnownFileType = sourcecode.swift; path = EhVC.swift; sourceTree = "<group>"; };
		7FD10F391DDA716D00DA02E0 /* BeeVC.swift */ = {isa = PBXFileReference; lastKnownFileType = sourcecode.swift; path = BeeVC.swift; sourceTree = "<group>"; };
		7FD10F3C1DDA716D00DA02E0 /* Base */ = {isa = PBXFileReference; lastKnownFileType = file.storyboard; name = Base; path = Base.lproj/Main.storyboard; sourceTree = "<group>"; };
		7FD10F3E1DDA716D00DA02E0 /* Assets.xcassets */ = {isa = PBXFileReference; lastKnownFileType = folder.assetcatalog; path = Assets.xcassets; sourceTree = "<group>"; };
		7FD10F411DDA716D00DA02E0 /* Base */ = {isa = PBXFileReference; lastKnownFileType = file.storyboard; name = Base; path = Base.lproj/LaunchScreen.storyboard; sourceTree = "<group>"; };
		7FD10F431DDA716D00DA02E0 /* Info.plist */ = {isa = PBXFileReference; lastKnownFileType = text.plist.xml; path = Info.plist; sourceTree = "<group>"; };
		7FD10F491DDA74C500DA02E0 /* SeaVC.swift */ = {isa = PBXFileReference; fileEncoding = 4; lastKnownFileType = sourcecode.swift; path = SeaVC.swift; sourceTree = "<group>"; };
/* End PBXFileReference section */

/* Begin PBXFrameworksBuildPhase section */
		7FD10F2F1DDA716D00DA02E0 /* Frameworks */ = {
			isa = PBXFrameworksBuildPhase;
			buildActionMask = 2147483647;
			files = (
			);
			runOnlyForDeploymentPostprocessing = 0;
		};
/* End PBXFrameworksBuildPhase section */

/* Begin PBXGroup section */
		7FD10F291DDA716D00DA02E0 = {
			isa = PBXGroup;
			children = (
				7FD10F341DDA716D00DA02E0 /* GIT-ICE-GSK-4PM */,
				7FD10F331DDA716D00DA02E0 /* Products */,
			);
			sourceTree = "<group>";
		};
		7FD10F331DDA716D00DA02E0 /* Products */ = {
			isa = PBXGroup;
			children = (
				7FD10F321DDA716D00DA02E0 /* GIT-ICE-GSK-4PM.app */,
			);
			name = Products;
			sourceTree = "<group>";
		};
		7FD10F341DDA716D00DA02E0 /* GIT-ICE-GSK-4PM */ = {
			isa = PBXGroup;
			children = (
				7FD10F351DDA716D00DA02E0 /* AppDelegate.swift */,
				7FD10F371DDA716D00DA02E0 /* EhVC.swift */,
				7FD10F391DDA716D00DA02E0 /* BeeVC.swift */,
				7FD10F491DDA74C500DA02E0 /* SeaVC.swift */,
				7FD10F3B1DDA716D00DA02E0 /* Main.storyboard */,
				7FD10F3E1DDA716D00DA02E0 /* Assets.xcassets */,
				7FD10F401DDA716D00DA02E0 /* LaunchScreen.storyboard */,
				7FD10F431DDA716D00DA02E0 /* Info.plist */,
			);
			path = "GIT-ICE-GSK-4PM";
			sourceTree = "<group>";
		};
/* End PBXGroup section */

/* Begin PBXNativeTarget section */
		7FD10F311DDA716D00DA02E0 /* GIT-ICE-GSK-4PM */ = {
			isa = PBXNativeTarget;
			buildConfigurationList = 7FD10F461DDA716D00DA02E0 /* Build configuration list for PBXNativeTarget "GIT-ICE-GSK-4PM" */;
			buildPhases = (
				7FD10F2E1DDA716D00DA02E0 /* Sources */,
				7FD10F2F1DDA716D00DA02E0 /* Frameworks */,
				7FD10F301DDA716D00DA02E0 /* Resources */,
			);
			buildRules = (
			);
			dependencies = (
			);
			name = "GIT-ICE-GSK-4PM";
			productName = "GIT-ICE-GSK-4PM";
			productReference = 7FD10F321DDA716D00DA02E0 /* GIT-ICE-GSK-4PM.app */;
			productType = "com.apple.product-type.application";
		};
/* End PBXNativeTarget section */

/* Begin PBXProject section */
		7FD10F2A1DDA716D00DA02E0 /* Project object */ = {
			isa = PBXProject;
			attributes = {
				LastSwiftUpdateCheck = 0730;
				LastUpgradeCheck = 0730;
				ORGANIZATIONNAME = "Gandham,Sai Kiran";
				TargetAttributes = {
					7FD10F311DDA716D00DA02E0 = {
						CreatedOnToolsVersion = 7.3.1;
					};
				};
			};
			buildConfigurationList = 7FD10F2D1DDA716D00DA02E0 /* Build configuration list for PBXProject "GIT-ICE-GSK-4PM" */;
			compatibilityVersion = "Xcode 3.2";
			developmentRegion = English;
			hasScannedForEncodings = 0;
			knownRegions = (
				en,
				Base,
			);
			mainGroup = 7FD10F291DDA716D00DA02E0;
			productRefGroup = 7FD10F331DDA716D00DA02E0 /* Products */;
			projectDirPath = "";
			projectRoot = "";
			targets = (
				7FD10F311DDA716D00DA02E0 /* GIT-ICE-GSK-4PM */,
			);
		};
/* End PBXProject section */

/* Begin PBXResourcesBuildPhase section */
		7FD10F301DDA716D00DA02E0 /* Resources */ = {
			isa = PBXResourcesBuildPhase;
			buildActionMask = 2147483647;
			files = (
				7FD10F421DDA716D00DA02E0 /* LaunchScreen.storyboard in Resources */,
				7FD10F3F1DDA716D00DA02E0 /* Assets.xcassets in Resources */,
				7FD10F3D1DDA716D00DA02E0 /* Main.storyboard in Resources */,
			);
			runOnlyForDeploymentPostprocessing = 0;
		};
/* End PBXResourcesBuildPhase section */

/* Begin PBXSourcesBuildPhase section */
		7FD10F2E1DDA716D00DA02E0 /* Sources */ = {
			isa = PBXSourcesBuildPhase;
			buildActionMask = 2147483647;
			files = (
				7FD10F4A1DDA74C500DA02E0 /* SeaVC.swift in Sources */,
				7FD10F3A1DDA716D00DA02E0 /* BeeVC.swift in Sources */,
				7FD10F361DDA716D00DA02E0 /* AppDelegate.swift in Sources */,
				7FD10F381DDA716D00DA02E0 /* EhVC.swift in Sources */,
			);
			runOnlyForDeploymentPostprocessing = 0;
		};
/* End PBXSourcesBuildPhase section */

/* Begin PBXVariantGroup section */
		7FD10F3B1DDA716D00DA02E0 /* Main.storyboard */ = {
			isa = PBXVariantGroup;
			children = (
				7FD10F3C1DDA716D00DA02E0 /* Base */,
			);
			name = Main.storyboard;
			sourceTree = "<group>";
		};
		7FD10F401DDA716D00DA02E0 /* LaunchScreen.storyboard */ = {
			isa = PBXVariantGroup;
			children = (
				7FD10F411DDA716D00DA02E0 /* Base */,
			);
			name = LaunchScreen.storyboard;
			sourceTree = "<group>";
		};
/* End PBXVariantGroup section */

/* Begin XCBuildConfiguration section */
		7FD10F441DDA716D00DA02E0 /* Debug */ = {
			isa = XCBuildConfiguration;
			buildSettings = {
				ALWAYS_SEARCH_USER_PATHS = NO;
				CLANG_ANALYZER_NONNULL = YES;
				CLANG_CXX_LANGUAGE_STANDARD = "gnu++0x";
				CLANG_CXX_LIBRARY = "libc++";
				CLANG_ENABLE_MODULES = YES;
				CLANG_ENABLE_OBJC_ARC = YES;
				CLANG_WARN_BOOL_CONVERSION = YES;
				CLANG_WARN_CONSTANT_CONVERSION = YES;
				CLANG_WARN_DIRECT_OBJC_ISA_USAGE = YES_ERROR;
				CLANG_WARN_EMPTY_BODY = YES;
				CLANG_WARN_ENUM_CONVERSION = YES;
				CLANG_WARN_INT_CONVERSION = YES;
				CLANG_WARN_OBJC_ROOT_CLASS = YES_ERROR;
				CLANG_WARN_UNREACHABLE_CODE = YES;
				CLANG_WARN__DUPLICATE_METHOD_MATCH = YES;
				"CODE_SIGN_IDENTITY[sdk=iphoneos*]" = "iPhone Developer";
				COPY_PHASE_STRIP = NO;
				DEBUG_INFORMATION_FORMAT = dwarf;
				ENABLE_STRICT_OBJC_MSGSEND = YES;
				ENABLE_TESTABILITY = YES;
				GCC_C_LANGUAGE_STANDARD = gnu99;
				GCC_DYNAMIC_NO_PIC = NO;
				GCC_NO_COMMON_BLOCKS = YES;
				GCC_OPTIMIZATION_LEVEL = 0;
				GCC_PREPROCESSOR_DEFINITIONS = (
					"DEBUG=1",
					"$(inherited)",
				);
				GCC_WARN_64_TO_32_BIT_CONVERSION = YES;
				GCC_WARN_ABOUT_RETURN_TYPE = YES_ERROR;
				GCC_WARN_UNDECLARED_SELECTOR = YES;
				GCC_WARN_UNINITIALIZED_AUTOS = YES_AGGRESSIVE;
				GCC_WARN_UNUSED_FUNCTION = YES;
				GCC_WARN_UNUSED_VARIABLE = YES;
				IPHONEOS_DEPLOYMENT_TARGET = 9.3;
				MTL_ENABLE_DEBUG_INFO = YES;
				ONLY_ACTIVE_ARCH = YES;
				SDKROOT = iphoneos;
				SWIFT_OPTIMIZATION_LEVEL = "-Onone";
			};
			name = Debug;
		};
		7FD10F451DDA716D00DA02E0 /* Release */ = {
			isa = XCBuildConfiguration;
			buildSettings = {
				ALWAYS_SEARCH_USER_PATHS = NO;
				CLANG_ANALYZER_NONNULL = YES;
				CLANG_CXX_LANGUAGE_STANDARD = "gnu++0x";
				CLANG_CXX_LIBRARY = "libc++";
				CLANG_ENABLE_MODULES = YES;
				CLANG_ENABLE_OBJC_ARC = YES;
				CLANG_WARN_BOOL_CONVERSION = YES;
				CLANG_WARN_CONSTANT_CONVERSION = YES;
				CLANG_WARN_DIRECT_OBJC_ISA_USAGE = YES_ERROR;
				CLANG_WARN_EMPTY_BODY = YES;
				CLANG_WARN_ENUM_CONVERSION = YES;
				CLANG_WARN_INT_CONVERSION = YES;
				CLANG_WARN_OBJC_ROOT_CLASS = YES_ERROR;
				CLANG_WARN_UNREACHABLE_CODE = YES;
				CLANG_WARN__DUPLICATE_METHOD_MATCH = YES;
				"CODE_SIGN_IDENTITY[sdk=iphoneos*]" = "iPhone Developer";
				COPY_PHASE_STRIP = NO;
				DEBUG_INFORMATION_FORMAT = "dwarf-with-dsym";
				ENABLE_NS_ASSERTIONS = NO;
				ENABLE_STRICT_OBJC_MSGSEND = YES;
				GCC_C_LANGUAGE_STANDARD = gnu99;
				GCC_NO_COMMON_BLOCKS = YES;
				GCC_WARN_64_TO_32_BIT_CONVERSION = YES;
				GCC_WARN_ABOUT_RETURN_TYPE = YES_ERROR;
				GCC_WARN_UNDECLARED_SELECTOR = YES;
				GCC_WARN_UNINITIALIZED_AUTOS = YES_AGGRESSIVE;
				GCC_WARN_UNUSED_FUNCTION = YES;
				GCC_WARN_UNUSED_VARIABLE = YES;
				IPHONEOS_DEPLOYMENT_TARGET = 9.3;
				MTL_ENABLE_DEBUG_INFO = NO;
				SDKROOT = iphoneos;
				VALIDATE_PRODUCT = YES;
			};
			name = Release;
		};
		7FD10F471DDA716D00DA02E0 /* Debug */ = {
			isa = XCBuildConfiguration;
			buildSettings = {
				ASSETCATALOG_COMPILER_APPICON_NAME = AppIcon;
				INFOPLIST_FILE = "GIT-ICE-GSK-4PM/Info.plist";
				LD_RUNPATH_SEARCH_PATHS = "$(inherited) @executable_path/Frameworks";
				PRODUCT_BUNDLE_IDENTIFIER = "edu.nwmissouri.GIT-ICE-GSK-4PM";
				PRODUCT_NAME = "$(TARGET_NAME)";
			};
			name = Debug;
		};
		7FD10F481DDA716D00DA02E0 /* Release */ = {
			isa = XCBuildConfiguration;
			buildSettings = {
				ASSETCATALOG_COMPILER_APPICON_NAME = AppIcon;
				INFOPLIST_FILE = "GIT-ICE-GSK-4PM/Info.plist";
				LD_RUNPATH_SEARCH_PATHS = "$(inherited) @executable_path/Frameworks";
				PRODUCT_BUNDLE_IDENTIFIER = "edu.nwmissouri.GIT-ICE-GSK-4PM";
				PRODUCT_NAME = "$(TARGET_NAME)";
			};
			name = Release;
		};
/* End XCBuildConfiguration section */

/* Begin XCConfigurationList section */
		7FD10F2D1DDA716D00DA02E0 /* Build configuration list for PBXProject "GIT-ICE-GSK-4PM" */ = {
			isa = XCConfigurationList;
			buildConfigurations = (
				7FD10F441DDA716D00DA02E0 /* Debug */,
				7FD10F451DDA716D00DA02E0 /* Release */,
			);
			defaultConfigurationIsVisible = 0;
			defaultConfigurationName = Release;
		};
		7FD10F461DDA716D00DA02E0 /* Build configuration list for PBXNativeTarget "GIT-ICE-GSK-4PM" */ = {
			isa = XCConfigurationList;
			buildConfigurations = (
				7FD10F471DDA716D00DA02E0 /* Debug */,
				7FD10F481DDA716D00DA02E0 /* Release */,
			);
			defaultConfigurationIsVisible = 0;
		};
/* End XCConfigurationList section */
	};
	rootObject = 7FD10F2A1DDA716D00DA02E0 /* Project object */;
}
